{
  "version": "5",
  "specifiers": {
    "jsr:@std/dotenv@~0.225.6": "0.225.6",
    "npm:h3@^2.0.1-rc.22": "2.0.1-rc.22",
    "npm:lz-string@^1.5.0": "1.5.0"
  },
  "jsr": {
    "@std/dotenv@0.225.6": {
      "integrity": "1d6f9db72f565bd26790fa034c26e45ecb260b5245417be76c2279e5734c421b"
    }
  },
  "npm": {
    "h3@2.0.1-rc.22": {
      "integrity": "sha512-Esv0DMIuPkCTSWCA0vO73vcTqwzH1wjSrAO1TXNu/K3up1sZHa9EKMapbmxCDYBeymC3fVTk4qxp7ogQWQ+KgA==",
      "dependencies": [
        "rou3",
        "srvx"
      ],
      "bin": true
    },
    "lz-string@1.5.0": {
      "integrity": "sha512-h5bgJWpxJNswbU7qCrV0tIKQCaS3blPDrqKWx+QxzuzL1zGUzij9XCWLrSLsJPu5t+eWA/ycetzYAO5IOMcWAQ==",
      "bin": true
    },
    "rou3@0.8.1": {
      "integrity": "sha512-ePa+XGk00/3HuCqrEnK3LxJW7I0SdNg6EFzKUJG73hMAdDcOUC/i/aSz7LSDwLrGr33kal/rqOGydzwl6U7zBA=="
    },
    "srvx@0.11.16": {
      "integrity": "sha512-bp07zRuycfTY43IjAvvTFnmnJi8ikW0VFiHwOhhYcVW/L4xQ1XY4PAd4Nuum1rsA17C39zL7x+CDhrn5AL32Rw==",
      "bin": true
    }
  },
  "remote": {
    "https://esm.sh/v135/lz-string@1.5.0": "a4322573bbbd2d044b5c0c30024bd440f2890ff55730675fa5f31987d42aec20",
    "https://esm.sh/v135/lz-string@1.5.0/denonext/lz-string.mjs": "d7c5e1cdf048a845f4da9563ecc9fca66d2caddf625d6632512bc8a477ce75d7"
  },
  "workspace": {
    "dependencies": [
      "jsr:@std/dotenv@~0.225.6",
      "npm:h3@^2.0.1-rc.22",
      "npm:lz-string@^1.5.0"
    ]
  }
}
